
Microsoft Visual Studio Solution File, Format Version 12.00
# Visual Studio Version 17
VisualStudioVersion = 17.13.35913.81
MinimumVisualStudioVersion = 10.0.40219.1
Project("{2150E333-8FDC-42A3-9474-1A3956D46DE8}") = "Frontend", "Frontend", "{911A4201-ECB1-4146-B6C5-22C445ADA8FA}"
EndProject
Project("{2150E333-8FDC-42A3-9474-1A3956D46DE8}") = "ToDoList", "ToDoList", "{3A73E9FF-779F-4CF9-B2E7-9D3036EA4FC2}"
EndProject
Project("{2150E333-8FDC-42A3-9474-1A3956D46DE8}") = "ApiConsume", "ApiConsume", "{02EA681E-C7D8-13C7-8484-4AC65E1B71E8}"
EndProject
Project("{FAE04EC0-301F-11D3-BF4B-00C04F79EFBC}") = "HotelProject.WebApi", "ApiConsume\HotelProject.WebApi\HotelProject.WebApi.csproj", "{7F773109-19CC-4594-B467-19A0D82E353D}"
EndProject
Project("{FAE04EC0-301F-11D3-BF4B-00C04F79EFBC}") = "HotelProject.EntityLayer", "ApiConsume\HotelProject.EntityLayer\HotelProject.EntityLayer.csproj", "{706D3BF5-7222-43C7-A832-61609AF3AB30}"
EndProject
Project("{FAE04EC0-301F-11D3-BF4B-00C04F79EFBC}") = "HotelProject.DataAccessLayer", "ApiConsume\HotelProject.DataAccessLayer\HotelProject.DataAccessLayer.csproj", "{A3AE6255-09D1-404F-BEE1-E6C1ADC1823F}"
EndProject
Project("{FAE04EC0-301F-11D3-BF4B-00C04F79EFBC}") = "HotelProject.BusinessLayer", "ApiConsume\HotelProject.BusinessLayer\HotelProject.BusinessLayer.csproj", "{ACB42C00-E934-4715-8DC6-5903F35DDCA9}"
EndProject
Project("{FAE04EC0-301F-11D3-BF4B-00C04F79EFBC}") = "HotelProject.DtoLayer", "ApiConsume\HotelProject.DtoLayer\HotelProject.DtoLayer.csproj", "{A952A702-9BFC-4668-AA1E-C1B67DF0F22E}"
EndProject
Project("{FAE04EC0-301F-11D3-BF4B-00C04F79EFBC}") = "HotelProject.WebUI", "Frontend\HotelProject.WebUI\HotelProject.WebUI.csproj", "{D3EF4589-9E0D-4095-A86D-D854B3F3F53A}"
EndProject
Global
	GlobalSection(SolutionConfigurationPlatforms) = preSolution
		Debug|Any CPU = Debug|Any CPU
		Release|Any CPU = Release|Any CPU
	EndGlobalSection
	GlobalSection(ProjectConfigurationPlatforms) = postSolution
		{7F773109-19CC-4594-B467-19A0D82E353D}.Debug|Any CPU.ActiveCfg = Debug|Any CPU
		{7F773109-19CC-4594-B467-19A0D82E353D}.Debug|Any CPU.Build.0 = Debug|Any CPU
		{7F773109-19CC-4594-B467-19A0D82E353D}.Release|Any CPU.ActiveCfg = Release|Any CPU
		{7F773109-19CC-4594-B467-19A0D82E353D}.Release|Any CPU.Build.0 = Release|Any CPU
		{706D3BF5-7222-43C7-A832-61609AF3AB30}.Debug|Any CPU.ActiveCfg = Debug|Any CPU
		{706D3BF5-7222-43C7-A832-61609AF3AB30}.Debug|Any CPU.Build.0 = Debug|Any CPU
		{706D3BF5-7222-43C7-A832-61609AF3AB30}.Release|Any CPU.ActiveCfg = Release|Any CPU
		{706D3BF5-7222-43C7-A832-61609AF3AB30}.Release|Any CPU.Build.0 = Release|Any CPU
		{A3AE6255-09D1-404F-BEE1-E6C1ADC1823F}.Debug|Any CPU.ActiveCfg = Debug|Any CPU
		{A3AE6255-09D1-404F-BEE1-E6C1ADC1823F}.Debug|Any CPU.Build.0 = Debug|Any CPU
		{A3AE6255-09D1-404F-BEE1-E6C1ADC1823F}.Release|Any CPU.ActiveCfg = Release|Any CPU
		{A3AE6255-09D1-404F-BEE1-E6C1ADC1823F}.Release|Any CPU.Build.0 = Release|Any CPU
		{ACB42C00-E934-4715-8DC6-5903F35DDCA9}.Debug|Any CPU.ActiveCfg = Debug|Any CPU
		{ACB42C00-E934-4715-8DC6-5903F35DDCA9}.Debug|Any CPU.Build.0 = Debug|Any CPU
		{ACB42C00-E934-4715-8DC6-5903F35DDCA9}.Release|Any CPU.ActiveCfg = Release|Any CPU
		{ACB42C00-E934-4715-8DC6-5903F35DDCA9}.Release|Any CPU.Build.0 = Release|Any CPU
		{A952A702-9BFC-4668-AA1E-C1B67DF0F22E}.Debug|Any CPU.ActiveCfg = Debug|Any CPU
		{A952A702-9BFC-4668-AA1E-C1B67DF0F22E}.Debug|Any CPU.Build.0 = Debug|Any CPU
		{A952A702-9BFC-4668-AA1E-C1B67DF0F22E}.Release|Any CPU.ActiveCfg = Release|Any CPU
		{A952A702-9BFC-4668-AA1E-C1B67DF0F22E}.Release|Any CPU.Build.0 = Release|Any CPU
		{D3EF4589-9E0D-4095-A86D-D854B3F3F53A}.Debug|Any CPU.ActiveCfg = Debug|Any CPU
		{D3EF4589-9E0D-4095-A86D-D854B3F3F53A}.Debug|Any CPU.Build.0 = Debug|Any CPU
		{D3EF4589-9E0D-4095-A86D-D854B3F3F53A}.Release|Any CPU.ActiveCfg = Release|Any CPU
		{D3EF4589-9E0D-4095-A86D-D854B3F3F53A}.Release|Any CPU.Build.0 = Release|Any CPU
	EndGlobalSection
	GlobalSection(SolutionProperties) = preSolution
		HideSolutionNode = FALSE
	EndGlobalSection
	GlobalSection(NestedProjects) = preSolution
		{7F773109-19CC-4594-B467-19A0D82E353D} = {02EA681E-C7D8-13C7-8484-4AC65E1B71E8}
		{706D3BF5-7222-43C7-A832-61609AF3AB30} = {02EA681E-C7D8-13C7-8484-4AC65E1B71E8}
		{A3AE6255-09D1-404F-BEE1-E6C1ADC1823F} = {02EA681E-C7D8-13C7-8484-4AC65E1B71E8}
		{ACB42C00-E934-4715-8DC6-5903F35DDCA9} = {02EA681E-C7D8-13C7-8484-4AC65E1B71E8}
		{A952A702-9BFC-4668-AA1E-C1B67DF0F22E} = {02EA681E-C7D8-13C7-8484-4AC65E1B71E8}
		{D3EF4589-9E0D-4095-A86D-D854B3F3F53A} = {911A4201-ECB1-4146-B6C5-22C445ADA8FA}
	EndGlobalSection
	GlobalSection(ExtensibilityGlobals) = postSolution
		SolutionGuid = {3072F9FA-BA8E-434E-BF12-D49785E57AEB}
	EndGlobalSection
EndGlobal
